// !$*UTF8*$!
{
	archiveVersion = 1;
	classes = {
	};
	objectVersion = 46;
	objects = {

/* Begin PBXBuildFile section */
		031287FA1B03B85F00C1B5E3 /* AppDelegate.swift in Sources */ = {isa = PBXBuildFile; fileRef = 031287F91B03B85F00C1B5E3 /* AppDelegate.swift */; };
		031287FF1B03B85F00C1B5E3 /* Main.storyboard in Resources */ = {isa = PBXBuildFile; fileRef = 031287FD1B03B85F00C1B5E3 /* Main.storyboard */; };
		031288011B03B85F00C1B5E3 /* Images.xcassets in Resources */ = {isa = PBXBuildFile; fileRef = 031288001B03B85F00C1B5E3 /* Images.xcassets */; };
		031288041B03B85F00C1B5E3 /* LaunchScreen.xib in Resources */ = {isa = PBXBuildFile; fileRef = 031288021B03B85F00C1B5E3 /* LaunchScreen.xib */; };
		031288101B03B85F00C1B5E3 /* ODMSTests.swift in Sources */ = {isa = PBXBuildFile; fileRef = 0312880F1B03B85F00C1B5E3 /* ODMSTests.swift */; };
		0312881A1B03BA7100C1B5E3 /* TableViewController.swift in Sources */ = {isa = PBXBuildFile; fileRef = 031288191B03BA7100C1B5E3 /* TableViewController.swift */; };
		03293CD61B28AEF600D6FA49 /* ImportViewController.swift in Sources */ = {isa = PBXBuildFile; fileRef = 03293CD51B28AEF600D6FA49 /* ImportViewController.swift */; };
		03326B961B1CEF1700650D38 /* SwiftyJSON.swift in Sources */ = {isa = PBXBuildFile; fileRef = 03326B951B1CEF1700650D38 /* SwiftyJSON.swift */; };
		035C01FF1B1F98AE00ADB3E9 /* LoginViewController.swift in Sources */ = {isa = PBXBuildFile; fileRef = 035C01FE1B1F98AE00ADB3E9 /* LoginViewController.swift */; };
		035C02011B1F99B300ADB3E9 /* SignupViewController.swift in Sources */ = {isa = PBXBuildFile; fileRef = 035C02001B1F99B300ADB3E9 /* SignupViewController.swift */; };
		03AC810C1B17C78C000E4D01 /* DataManager.swift in Sources */ = {isa = PBXBuildFile; fileRef = 03AC810B1B17C78C000E4D01 /* DataManager.swift */; };
/* End PBXBuildFile section */

/* Begin PBXContainerItemProxy section */
		0312880A1B03B85F00C1B5E3 /* PBXContainerItemProxy */ = {
			isa = PBXContainerItemProxy;
			containerPortal = 031287EC1B03B85F00C1B5E3 /* Project object */;
			proxyType = 1;
			remoteGlobalIDString = 031287F31B03B85F00C1B5E3;
			remoteInfo = ODMS;
		};
/* End PBXContainerItemProxy section */

/* Begin PBXFileReference section */
		031287F41B03B85F00C1B5E3 /* ODMS.app */ = {isa = PBXFileReference; explicitFileType = wrapper.application; includeInIndex = 0; path = ODMS.app; sourceTree = BUILT_PRODUCTS_DIR; };
		031287F81B03B85F00C1B5E3 /* Info.plist */ = {isa = PBXFileReference; lastKnownFileType = text.plist.xml; path = Info.plist; sourceTree = "<group>"; };
		031287F91B03B85F00C1B5E3 /* AppDelegate.swift */ = {isa = PBXFileReference; lastKnownFileType = sourcecode.swift; path = AppDelegate.swift; sourceTree = "<group>"; };
		031287FE1B03B85F00C1B5E3 /* Base */ = {isa = PBXFileReference; lastKnownFileType = file.storyboard; name = Base; path = Base.lproj/Main.storyboard; sourceTree = "<group>"; };
		031288001B03B85F00C1B5E3 /* Images.xcassets */ = {isa = PBXFileReference; lastKnownFileType = folder.assetcatalog; path = Images.xcassets; sourceTree = "<group>"; };
		031288031B03B85F00C1B5E3 /* Base */ = {isa = PBXFileReference; lastKnownFileType = file.xib; name = Base; path = Base.lproj/LaunchScreen.xib; sourceTree = "<group>"; };
		031288091B03B85F00C1B5E3 /* ODMSTests.xctest */ = {isa = PBXFileReference; explicitFileType = wrapper.cfbundle; includeInIndex = 0; path = ODMSTests.xctest; sourceTree = BUILT_PRODUCTS_DIR; };
		0312880E1B03B85F00C1B5E3 /* Info.plist */ = {isa = PBXFileReference; lastKnownFileType = text.plist.xml; path = Info.plist; sourceTree = "<group>"; };
		0312880F1B03B85F00C1B5E3 /* ODMSTests.swift */ = {isa = PBXFileReference; lastKnownFileType = sourcecode.swift; path = ODMSTests.swift; sourceTree = "<group>"; };
		031288191B03BA7100C1B5E3 /* TableViewController.swift */ = {isa = PBXFileReference; fileEncoding = 4; lastKnownFileType = sourcecode.swift; path = TableViewController.swift; sourceTree = "<group>"; };
		03293CD41B28A9B800D6FA49 /* ODMS.entitlements */ = {isa = PBXFileReference; lastKnownFileType = text.xml; path = ODMS.entitlements; sourceTree = "<group>"; };
		03293CD51B28AEF600D6FA49 /* ImportViewController.swift */ = {isa = PBXFileReference; fileEncoding = 4; lastKnownFileType = sourcecode.swift; path = ImportViewController.swift; sourceTree = "<group>"; };
		03326B951B1CEF1700650D38 /* SwiftyJSON.swift */ = {isa = PBXFileReference; fileEncoding = 4; lastKnownFileType = sourcecode.swift; path = SwiftyJSON.swift; sourceTree = "<group>"; };
		035C01FE1B1F98AE00ADB3E9 /* LoginViewController.swift */ = {isa = PBXFileReference; fileEncoding = 4; lastKnownFileType = sourcecode.swift; path = LoginViewController.swift; sourceTree = "<group>"; };
		035C02001B1F99B300ADB3E9 /* SignupViewController.swift */ = {isa = PBXFileReference; fileEncoding = 4; lastKnownFileType = sourcecode.swift; path = SignupViewController.swift; sourceTree = "<group>"; };
		03AC810B1B17C78C000E4D01 /* DataManager.swift */ = {isa = PBXFileReference; fileEncoding = 4; lastKnownFileType = sourcecode.swift; path = DataManager.swift; sourceTree = "<group>"; };
/* End PBXFileReference section */

/* Begin PBXFrameworksBuildPhase section */
		031287F11B03B85F00C1B5E3 /* Frameworks */ = {
			isa = PBXFrameworksBuildPhase;
			buildActionMask = 2147483647;
			files = (
			);
			runOnlyForDeploymentPostprocessing = 0;
		};
		031288061B03B85F00C1B5E3 /* Frameworks */ = {
			isa = PBXFrameworksBuildPhase;
			buildActionMask = 2147483647;
			files = (
			);
			runOnlyForDeploymentPostprocessing = 0;
		};
/* End PBXFrameworksBuildPhase section */

/* Begin PBXGroup section */
		031287EB1B03B85F00C1B5E3 = {
			isa = PBXGroup;
			children = (
				031287F61B03B85F00C1B5E3 /* ODMS */,
				0312880C1B03B85F00C1B5E3 /* ODMSTests */,
				031287F51B03B85F00C1B5E3 /* Products */,
			);
			sourceTree = "<group>";
		};
		031287F51B03B85F00C1B5E3 /* Products */ = {
			isa = PBXGroup;
			children = (
				031287F41B03B85F00C1B5E3 /* ODMS.app */,
				031288091B03B85F00C1B5E3 /* ODMSTests.xctest */,
			);
			name = Products;
			sourceTree = "<group>";
		};
		031287F61B03B85F00C1B5E3 /* ODMS */ = {
			isa = PBXGroup;
			children = (
				03293CD41B28A9B800D6FA49 /* ODMS.entitlements */,
				03326B951B1CEF1700650D38 /* SwiftyJSON.swift */,
				031287F91B03B85F00C1B5E3 /* AppDelegate.swift */,
				031287FD1B03B85F00C1B5E3 /* Main.storyboard */,
				03AC810B1B17C78C000E4D01 /* DataManager.swift */,
				031288191B03BA7100C1B5E3 /* TableViewController.swift */,
				031288001B03B85F00C1B5E3 /* Images.xcassets */,
				031288021B03B85F00C1B5E3 /* LaunchScreen.xib */,
				031287F71B03B85F00C1B5E3 /* Supporting Files */,
				035C01FE1B1F98AE00ADB3E9 /* LoginViewController.swift */,
				035C02001B1F99B300ADB3E9 /* SignupViewController.swift */,
				03293CD51B28AEF600D6FA49 /* ImportViewController.swift */,
			);
			path = ODMS;
			sourceTree = "<group>";
		};
		031287F71B03B85F00C1B5E3 /* Supporting Files */ = {
			isa = PBXGroup;
			children = (
				031287F81B03B85F00C1B5E3 /* Info.plist */,
			);
			name = "Supporting Files";
			sourceTree = "<group>";
		};
		0312880C1B03B85F00C1B5E3 /* ODMSTests */ = {
			isa = PBXGroup;
			children = (
				0312880F1B03B85F00C1B5E3 /* ODMSTests.swift */,
				0312880D1B03B85F00C1B5E3 /* Supporting Files */,
			);
			path = ODMSTests;
			sourceTree = "<group>";
		};
		0312880D1B03B85F00C1B5E3 /* Supporting Files */ = {
			isa = PBXGroup;
			children = (
				0312880E1B03B85F00C1B5E3 /* Info.plist */,
			);
			name = "Supporting Files";
			sourceTree = "<group>";
		};
/* End PBXGroup section */

/* Begin PBXNativeTarget section */
		031287F31B03B85F00C1B5E3 /* ODMS */ = {
			isa = PBXNativeTarget;
			buildConfigurationList = 031288131B03B85F00C1B5E3 /* Build configuration list for PBXNativeTarget "ODMS" */;
			buildPhases = (
				031287F01B03B85F00C1B5E3 /* Sources */,
				031287F11B03B85F00C1B5E3 /* Frameworks */,
				031287F21B03B85F00C1B5E3 /* Resources */,
			);
			buildRules = (
			);
			dependencies = (
			);
			name = ODMS;
			productName = ODMS;
			productReference = 031287F41B03B85F00C1B5E3 /* ODMS.app */;
			productType = "com.apple.product-type.application";
		};
		031288081B03B85F00C1B5E3 /* ODMSTests */ = {
			isa = PBXNativeTarget;
			buildConfigurationList = 031288161B03B85F00C1B5E3 /* Build configuration list for PBXNativeTarget "ODMSTests" */;
			buildPhases = (
				031288051B03B85F00C1B5E3 /* Sources */,
				031288061B03B85F00C1B5E3 /* Frameworks */,
				031288071B03B85F00C1B5E3 /* Resources */,
			);
			buildRules = (
			);
			dependencies = (
				0312880B1B03B85F00C1B5E3 /* PBXTargetDependency */,
			);
			name = ODMSTests;
			productName = ODMSTests;
			productReference = 031288091B03B85F00C1B5E3 /* ODMSTests.xctest */;
			productType = "com.apple.product-type.bundle.unit-test";
		};
/* End PBXNativeTarget section */

/* Begin PBXProject section */
		031287EC1B03B85F00C1B5E3 /* Project object */ = {
			isa = PBXProject;
			attributes = {
				LastUpgradeCheck = 0630;
				ORGANIZATIONNAME = "The KB Systems";
				TargetAttributes = {
					031287F31B03B85F00C1B5E3 = {
						CreatedOnToolsVersion = 6.3.1;
						DevelopmentTeam = 8N9C8VKW62;
						SystemCapabilities = {
							com.apple.iCloud = {
								enabled = 1;
							};
						};
					};
					031288081B03B85F00C1B5E3 = {
						CreatedOnToolsVersion = 6.3.1;
						TestTargetID = 031287F31B03B85F00C1B5E3;
					};
				};
			};
			buildConfigurationList = 031287EF1B03B85F00C1B5E3 /* Build configuration list for PBXProject "ODMS" */;
			compatibilityVersion = "Xcode 3.2";
			developmentRegion = English;
			hasScannedForEncodings = 0;
			knownRegions = (
				en,
				Base,
			);
			mainGroup = 031287EB1B03B85F00C1B5E3;
			productRefGroup = 031287F51B03B85F00C1B5E3 /* Products */;
			projectDirPath = "";
			projectRoot = "";
			targets = (
				031287F31B03B85F00C1B5E3 /* ODMS */,
				031288081B03B85F00C1B5E3 /* ODMSTests */,
			);
		};
/* End PBXProject section */

/* Begin PBXResourcesBuildPhase section */
		031287F21B03B85F00C1B5E3 /* Resources */ = {
			isa = PBXResourcesBuildPhase;
			buildActionMask = 2147483647;
			files = (
				031287FF1B03B85F00C1B5E3 /* Main.storyboard in Resources */,
				031288041B03B85F00C1B5E3 /* LaunchScreen.xib in Resources */,
				031288011B03B85F00C1B5E3 /* Images.xcassets in Resources */,
			);
			runOnlyForDeploymentPostprocessing = 0;
		};
		031288071B03B85F00C1B5E3 /* Resources */ = {
			isa = PBXResourcesBuildPhase;
			buildActionMask = 2147483647;
			files = (
			);
			runOnlyForDeploymentPostprocessing = 0;
		};
/* End PBXResourcesBuildPhase section */

/* Begin PBXSourcesBuildPhase section */
		031287F01B03B85F00C1B5E3 /* Sources */ = {
			isa = PBXSourcesBuildPhase;
			buildActionMask = 2147483647;
			files = (
				035C02011B1F99B300ADB3E9 /* SignupViewController.swift in Sources */,
				031287FA1B03B85F00C1B5E3 /* AppDelegate.swift in Sources */,
				03AC810C1B17C78C000E4D01 /* DataManager.swift in Sources */,
				0312881A1B03BA7100C1B5E3 /* TableViewController.swift in Sources */,
				035C01FF1B1F98AE00ADB3E9 /* LoginViewController.swift in Sources */,
				03326B961B1CEF1700650D38 /* SwiftyJSON.swift in Sources */,
				03293CD61B28AEF600D6FA49 /* ImportViewController.swift in Sources */,
			);
			runOnlyForDeploymentPostprocessing = 0;
		};
		031288051B03B85F00C1B5E3 /* Sources */ = {
			isa = PBXSourcesBuildPhase;
			buildActionMask = 2147483647;
			files = (
				031288101B03B85F00C1B5E3 /* ODMSTests.swift in Sources */,
			);
			runOnlyForDeploymentPostprocessing = 0;
		};
/* End PBXSourcesBuildPhase section */

/* Begin PBXTargetDependency section */
		0312880B1B03B85F00C1B5E3 /* PBXTargetDependency */ = {
			isa = PBXTargetDependency;
			target = 031287F31B03B85F00C1B5E3 /* ODMS */;
			targetProxy = 0312880A1B03B85F00C1B5E3 /* PBXContainerItemProxy */;
		};
/* End PBXTargetDependency section */

/* Begin PBXVariantGroup section */
		031287FD1B03B85F00C1B5E3 /* Main.storyboard */ = {
			isa = PBXVariantGroup;
			children = (
				031287FE1B03B85F00C1B5E3 /* Base */,
			);
			name = Main.storyboard;
			sourceTree = "<group>";
		};
		031288021B03B85F00C1B5E3 /* LaunchScreen.xib */ = {
			isa = PBXVariantGroup;
			children = (
				031288031B03B85F00C1B5E3 /* Base */,
			);
			name = LaunchScreen.xib;
			sourceTree = "<group>";
		};
/* End PBXVariantGroup section */

/* Begin XCBuildConfiguration section */
		031288111B03B85F00C1B5E3 /* Debug */ = {
			isa = XCBuildConfiguration;
			buildSettings = {
				ALWAYS_SEARCH_USER_PATHS = NO;
				CLANG_CXX_LANGUAGE_STANDARD = "gnu++0x";
				CLANG_CXX_LIBRARY = "libc++";
				CLANG_ENABLE_MODULES = YES;
				CLANG_ENABLE_OBJC_ARC = YES;
				CLANG_WARN_BOOL_CONVERSION = YES;
				CLANG_WARN_CONSTANT_CONVERSION = YES;
				CLANG_WARN_DIRECT_OBJC_ISA_USAGE = YES_ERROR;
				CLANG_WARN_EMPTY_BODY = YES;
				CLANG_WARN_ENUM_CONVERSION = YES;
				CLANG_WARN_INT_CONVERSION = YES;
				CLANG_WARN_OBJC_ROOT_CLASS = YES_ERROR;
				CLANG_WARN_UNREACHABLE_CODE = YES;
				CLANG_WARN__DUPLICATE_METHOD_MATCH = YES;
				"CODE_SIGN_IDENTITY[sdk=iphoneos*]" = "iPhone Developer";
				COPY_PHASE_STRIP = NO;
				DEBUG_INFORMATION_FORMAT = "dwarf-with-dsym";
				ENABLE_STRICT_OBJC_MSGSEND = YES;
				GCC_C_LANGUAGE_STANDARD = gnu99;
				GCC_DYNAMIC_NO_PIC = NO;
				GCC_NO_COMMON_BLOCKS = YES;
				GCC_OPTIMIZATION_LEVEL = 0;
				GCC_PREPROCESSOR_DEFINITIONS = (
					"DEBUG=1",
					"$(inherited)",
				);
				GCC_SYMBOLS_PRIVATE_EXTERN = NO;
				GCC_WARN_64_TO_32_BIT_CONVERSION = YES;
				GCC_WARN_ABOUT_RETURN_TYPE = YES_ERROR;
				GCC_WARN_UNDECLARED_SELECTOR = YES;
				GCC_WARN_UNINITIALIZED_AUTOS = YES_AGGRESSIVE;
				GCC_WARN_UNUSED_FUNCTION = YES;
				GCC_WARN_UNUSED_VARIABLE = YES;
				IPHONEOS_DEPLOYMENT_TARGET = 8.3;
				MTL_ENABLE_DEBUG_INFO = YES;
				ONLY_ACTIVE_ARCH = YES;
				SDKROOT = iphoneos;
				SWIFT_OPTIMIZATION_LEVEL = "-Onone";
			};
			name = Debug;
		};
		031288121B03B85F00C1B5E3 /* Release */ = {
			isa = XCBuildConfiguration;
			buildSettings = {
				ALWAYS_SEARCH_USER_PATHS = NO;
				CLANG_CXX_LANGUAGE_STANDARD = "gnu++0x";
				CLANG_CXX_LIBRARY = "libc++";
				CLANG_ENABLE_MODULES = YES;
				CLANG_ENABLE_OBJC_ARC = YES;
				CLANG_WARN_BOOL_CONVERSION = YES;
				CLANG_WARN_CONSTANT_CONVERSION = YES;
				CLANG_WARN_DIRECT_OBJC_ISA_USAGE = YES_ERROR;
				CLANG_WARN_EMPTY_BODY = YES;
				CLANG_WARN_ENUM_CONVERSION = YES;
				CLANG_WARN_INT_CONVERSION = YES;
				CLANG_WARN_OBJC_ROOT_CLASS = YES_ERROR;
				CLANG_WARN_UNREACHABLE_CODE = YES;
				CLANG_WARN__DUPLICATE_METHOD_MATCH = YES;
				"CODE_SIGN_IDENTITY[sdk=iphoneos*]" = "iPhone Developer";
				COPY_PHASE_STRIP = NO;
				DEBUG_INFORMATION_FORMAT = "dwarf-with-dsym";
				ENABLE_NS_ASSERTIONS = NO;
				ENABLE_STRICT_OBJC_MSGSEND = YES;
				GCC_C_LANGUAGE_STANDARD = gnu99;
				GCC_NO_COMMON_BLOCKS = YES;
				GCC_WARN_64_TO_32_BIT_CONVERSION = YES;
				GCC_WARN_ABOUT_RETURN_TYPE = YES_ERROR;
				GCC_WARN_UNDECLARED_SELECTOR = YES;
				GCC_WARN_UNINITIALIZED_AUTOS = YES_AGGRESSIVE;
				GCC_WARN_UNUSED_FUNCTION = YES;
				GCC_WARN_UNUSED_VARIABLE = YES;
				IPHONEOS_DEPLOYMENT_TARGET = 8.3;
				MTL_ENABLE_DEBUG_INFO = NO;
				SDKROOT = iphoneos;
				VALIDATE_PRODUCT = YES;
			};
			name = Release;
		};
		031288141B03B85F00C1B5E3 /* Debug */ = {
			isa = XCBuildConfiguration;
			buildSettings = {
				ASSETCATALOG_COMPILER_APPICON_NAME = AppIcon;
				CODE_SIGN_ENTITLEMENTS = ODMS/ODMS.entitlements;
				CODE_SIGN_IDENTITY = "iPhone Developer";
				"CODE_SIGN_IDENTITY[sdk=iphoneos*]" = "iPhone Developer";
				INFOPLIST_FILE = ODMS/Info.plist;
				LD_RUNPATH_SEARCH_PATHS = "$(inherited) @executable_path/Frameworks";
				PRODUCT_NAME = "$(TARGET_NAME)";
				PROVISIONING_PROFILE = "";
			};
			name = Debug;
		};
		031288151B03B85F00C1B5E3 /* Release */ = {
			isa = XCBuildConfiguration;
			buildSettings = {
				ASSETCATALOG_COMPILER_APPICON_NAME = AppIcon;
				CODE_SIGN_ENTITLEMENTS = ODMS/ODMS.entitlements;
				CODE_SIGN_IDENTITY = "iPhone Developer";
				"CODE_SIGN_IDENTITY[sdk=iphoneos*]" = "iPhone Developer";
				INFOPLIST_FILE = ODMS/Info.plist;
				LD_RUNPATH_SEARCH_PATHS = "$(inherited) @executable_path/Frameworks";
				PRODUCT_NAME = "$(TARGET_NAME)";
				PROVISIONING_PROFILE = "";
			};
			name = Release;
		};
		031288171B03B85F00C1B5E3 /* Debug */ = {
			isa = XCBuildConfiguration;
			buildSettings = {
				BUNDLE_LOADER = "$(TEST_HOST)";
				FRAMEWORK_SEARCH_PATHS = (
					"$(SDKROOT)/Developer/Library/Frameworks",
					"$(inherited)",
				);
				GCC_PREPROCESSOR_DEFINITIONS = (
					"DEBUG=1",
					"$(inherited)",
				);
				INFOPLIST_FILE = ODMSTests/Info.plist;
				LD_RUNPATH_SEARCH_PATHS = "$(inherited) @executable_path/Frameworks @loader_path/Frameworks";
				PRODUCT_NAME = "$(TARGET_NAME)";
				TEST_HOST = "$(BUILT_PRODUCTS_DIR)/ODMS.app/ODMS";
			};
			name = Debug;
		};
		031288181B03B85F00C1B5E3 /* Release */ = {
			isa = XCBuildConfiguration;
			buildSettings = {
				BUNDLE_LOADER = "$(TEST_HOST)";
				FRAMEWORK_SEARCH_PATHS = (
					"$(SDKROOT)/Developer/Library/Frameworks",
					"$(inherited)",
				);
				INFOPLIST_FILE = ODMSTests/Info.plist;
				LD_RUNPATH_SEARCH_PATHS = "$(inherited) @executable_path/Frameworks @loader_path/Frameworks";
				PRODUCT_NAME = "$(TARGET_NAME)";
				TEST_HOST = "$(BUILT_PRODUCTS_DIR)/ODMS.app/ODMS";
			};
			name = Release;
		};
/* End XCBuildConfiguration section */

/* Begin XCConfigurationList section */
		031287EF1B03B85F00C1B5E3 /* Build configuration list for PBXProject "ODMS" */ = {
			isa = XCConfigurationList;
			buildConfigurations = (
				031288111B03B85F00C1B5E3 /* Debug */,
				031288121B03B85F00C1B5E3 /* Release */,
			);
			defaultConfigurationIsVisible = 0;
			defaultConfigurationName = Release;
		};
		031288131B03B85F00C1B5E3 /* Build configuration list for PBXNativeTarget "ODMS" */ = {
			isa = XCConfigurationList;
			buildConfigurations = (
				031288141B03B85F00C1B5E3 /* Debug */,
				031288151B03B85F00C1B5E3 /* Release */,
			);
			defaultConfigurationIsVisible = 0;
			defaultConfigurationName = Release;
		};
		031288161B03B85F00C1B5E3 /* Build configuration list for PBXNativeTarget "ODMSTests" */ = {
			isa = XCConfigurationList;
			buildConfigurations = (
				031288171B03B85F00C1B5E3 /* Debug */,
				031288181B03B85F00C1B5E3 /* Release */,
			);
			defaultConfigurationIsVisible = 0;
			defaultConfigurationName = Release;
		};
/* End XCConfigurationList section */
	};
	rootObject = 031287EC1B03B85F00C1B5E3 /* Project object */;
}
